// !$*UTF8*$!
{
	archiveVersion = 1;
	classes = {
	};
	objectVersion = 55;
	objects = {

/* Begin PBXBuildFile section */
		3246263A27EA7EB700AE6449 /* AddButtonView.swift in Sources */ = {isa = PBXBuildFile; fileRef = 3246263927EA7EB700AE6449 /* AddButtonView.swift */; };
		32B2D27727E9F5C80073C870 /* SwiftUI_ToDoApp.swift in Sources */ = {isa = PBXBuildFile; fileRef = 32B2D27627E9F5C80073C870 /* SwiftUI_ToDoApp.swift */; };
		32B2D27B27E9F5CA0073C870 /* Assets.xcassets in Resources */ = {isa = PBXBuildFile; fileRef = 32B2D27A27E9F5CA0073C870 /* Assets.xcassets */; };
		32B2D27E27E9F5CA0073C870 /* Preview Assets.xcassets in Resources */ = {isa = PBXBuildFile; fileRef = 32B2D27D27E9F5CA0073C870 /* Preview Assets.xcassets */; };
		32B2D28627E9F65A0073C870 /* ListView.swift in Sources */ = {isa = PBXBuildFile; fileRef = 32B2D28527E9F65A0073C870 /* ListView.swift */; };
		32B2D28827E9F8030073C870 /* TaskView.swift in Sources */ = {isa = PBXBuildFile; fileRef = 32B2D28727E9F8030073C870 /* TaskView.swift */; };
		32B2D28A27E9FB4D0073C870 /* AddView.swift in Sources */ = {isa = PBXBuildFile; fileRef = 32B2D28927E9FB4D0073C870 /* AddView.swift */; };
		32B2D28D27EA28EA0073C870 /* ItemModel.swift in Sources */ = {isa = PBXBuildFile; fileRef = 32B2D28C27EA28EA0073C870 /* ItemModel.swift */; };
		32B2D29027EA32860073C870 /* ListViewModel.swift in Sources */ = {isa = PBXBuildFile; fileRef = 32B2D28F27EA32860073C870 /* ListViewModel.swift */; };
		32B2D29227EA5C4E0073C870 /* NoItemsView.swift in Sources */ = {isa = PBXBuildFile; fileRef = 32B2D29127EA5C4E0073C870 /* NoItemsView.swift */; };
/* End PBXBuildFile section */

/* Begin PBXFileReference section */
		3246263927EA7EB700AE6449 /* AddButtonView.swift */ = {isa = PBXFileReference; lastKnownFileType = sourcecode.swift; path = AddButtonView.swift; sourceTree = "<group>"; };
		32B2D27327E9F5C80073C870 /* SwiftUI ToDo.app */ = {isa = PBXFileReference; explicitFileType = wrapper.application; includeInIndex = 0; path = "SwiftUI ToDo.app"; sourceTree = BUILT_PRODUCTS_DIR; };
		32B2D27627E9F5C80073C870 /* SwiftUI_ToDoApp.swift */ = {isa = PBXFileReference; lastKnownFileType = sourcecode.swift; path = SwiftUI_ToDoApp.swift; sourceTree = "<group>"; };
		32B2D27A27E9F5CA0073C870 /* Assets.xcassets */ = {isa = PBXFileReference; lastKnownFileType = folder.assetcatalog; path = Assets.xcassets; sourceTree = "<group>"; };
		32B2D27D27E9F5CA0073C870 /* Preview Assets.xcassets */ = {isa = PBXFileReference; lastKnownFileType = folder.assetcatalog; path = "Preview Assets.xcassets"; sourceTree = "<group>"; };
		32B2D28527E9F65A0073C870 /* ListView.swift */ = {isa = PBXFileReference; lastKnownFileType = sourcecode.swift; path = ListView.swift; sourceTree = "<group>"; };
		32B2D28727E9F8030073C870 /* TaskView.swift */ = {isa = PBXFileReference; lastKnownFileType = sourcecode.swift; path = TaskView.swift; sourceTree = "<group>"; };
		32B2D28927E9FB4D0073C870 /* AddView.swift */ = {isa = PBXFileReference; lastKnownFileType = sourcecode.swift; path = AddView.swift; sourceTree = "<group>"; };
		32B2D28C27EA28EA0073C870 /* ItemModel.swift */ = {isa = PBXFileReference; lastKnownFileType = sourcecode.swift; path = ItemModel.swift; sourceTree = "<group>"; };
		32B2D28F27EA32860073C870 /* ListViewModel.swift */ = {isa = PBXFileReference; lastKnownFileType = sourcecode.swift; path = ListViewModel.swift; sourceTree = "<group>"; };
		32B2D29127EA5C4E0073C870 /* NoItemsView.swift */ = {isa = PBXFileReference; lastKnownFileType = sourcecode.swift; path = NoItemsView.swift; sourceTree = "<group>"; };
/* End PBXFileReference section */

/* Begin PBXFrameworksBuildPhase section */
		32B2D27027E9F5C80073C870 /* Frameworks */ = {
			isa = PBXFrameworksBuildPhase;
			buildActionMask = 2147483647;
			files = (
			);
			runOnlyForDeploymentPostprocessing = 0;
		};
/* End PBXFrameworksBuildPhase section */

/* Begin PBXGroup section */
		32B2D26A27E9F5C80073C870 = {
			isa = PBXGroup;
			children = (
				32B2D27527E9F5C80073C870 /* SwiftUI ToDo */,
				32B2D27427E9F5C80073C870 /* Products */,
			);
			sourceTree = "<group>";
		};
		32B2D27427E9F5C80073C870 /* Products */ = {
			isa = PBXGroup;
			children = (
				32B2D27327E9F5C80073C870 /* SwiftUI ToDo.app */,
			);
			name = Products;
			sourceTree = "<group>";
		};
		32B2D27527E9F5C80073C870 /* SwiftUI ToDo */ = {
			isa = PBXGroup;
			children = (
				32B2D28E27EA32680073C870 /* ViewModel */,
				32B2D28B27EA28B80073C870 /* Model */,
				32B2D28427E9F6430073C870 /* Views */,
				32B2D27627E9F5C80073C870 /* SwiftUI_ToDoApp.swift */,
				32B2D27A27E9F5CA0073C870 /* Assets.xcassets */,
				32B2D27C27E9F5CA0073C870 /* Preview Content */,
			);
			path = "SwiftUI ToDo";
			sourceTree = "<group>";
		};
		32B2D27C27E9F5CA0073C870 /* Preview Content */ = {
			isa = PBXGroup;
			children = (
				32B2D27D27E9F5CA0073C870 /* Preview Assets.xcassets */,
			);
			path = "Preview Content";
			sourceTree = "<group>";
		};
		32B2D28427E9F6430073C870 /* Views */ = {
			isa = PBXGroup;
			children = (
				32B2D28527E9F65A0073C870 /* ListView.swift */,
				32B2D28727E9F8030073C870 /* TaskView.swift */,
				32B2D28927E9FB4D0073C870 /* AddView.swift */,
				32B2D29127EA5C4E0073C870 /* NoItemsView.swift */,
				3246263927EA7EB700AE6449 /* AddButtonView.swift */,
			);
			path = Views;
			sourceTree = "<group>";
		};
		32B2D28B27EA28B80073C870 /* Model */ = {
			isa = PBXGroup;
			children = (
				32B2D28C27EA28EA0073C870 /* ItemModel.swift */,
			);
			path = Model;
			sourceTree = "<group>";
		};
		32B2D28E27EA32680073C870 /* ViewModel */ = {
			isa = PBXGroup;
			children = (
				32B2D28F27EA32860073C870 /* ListViewModel.swift */,
			);
			path = ViewModel;
			sourceTree = "<group>";
		};
/* End PBXGroup section */

/* Begin PBXNativeTarget section */
		32B2D27227E9F5C80073C870 /* SwiftUI ToDo */ = {
			isa = PBXNativeTarget;
			buildConfigurationList = 32B2D28127E9F5CA0073C870 /* Build configuration list for PBXNativeTarget "SwiftUI ToDo" */;
			buildPhases = (
				32B2D26F27E9F5C80073C870 /* Sources */,
				32B2D27027E9F5C80073C870 /* Frameworks */,
				32B2D27127E9F5C80073C870 /* Resources */,
			);
			buildRules = (
			);
			dependencies = (
			);
			name = "SwiftUI ToDo";
			productName = "SwiftUI ToDo";
			productReference = 32B2D27327E9F5C80073C870 /* SwiftUI ToDo.app */;
			productType = "com.apple.product-type.application";
		};
/* End PBXNativeTarget section */

/* Begin PBXProject section */
		32B2D26B27E9F5C80073C870 /* Project object */ = {
			isa = PBXProject;
			attributes = {
				BuildIndependentTargetsInParallel = 1;
				LastSwiftUpdateCheck = 1330;
				LastUpgradeCheck = 1330;
				TargetAttributes = {
					32B2D27227E9F5C80073C870 = {
						CreatedOnToolsVersion = 13.3;
					};
				};
			};
			buildConfigurationList = 32B2D26E27E9F5C80073C870 /* Build configuration list for PBXProject "SwiftUI ToDo" */;
			compatibilityVersion = "Xcode 13.0";
			developmentRegion = en;
			hasScannedForEncodings = 0;
			knownRegions = (
				en,
				Base,
			);
			mainGroup = 32B2D26A27E9F5C80073C870;
			productRefGroup = 32B2D27427E9F5C80073C870 /* Products */;
			projectDirPath = "";
			projectRoot = "";
			targets = (
				32B2D27227E9F5C80073C870 /* SwiftUI ToDo */,
			);
		};
/* End PBXProject section */

/* Begin PBXResourcesBuildPhase section */
		32B2D27127E9F5C80073C870 /* Resources */ = {
			isa = PBXResourcesBuildPhase;
			buildActionMask = 2147483647;
			files = (
				32B2D27E27E9F5CA0073C870 /* Preview Assets.xcassets in Resources */,
				32B2D27B27E9F5CA0073C870 /* Assets.xcassets in Resources */,
			);
			runOnlyForDeploymentPostprocessing = 0;
		};
/* End PBXResourcesBuildPhase section */

/* Begin PBXSourcesBuildPhase section */
		32B2D26F27E9F5C80073C870 /* Sources */ = {
			isa = PBXSourcesBuildPhase;
			buildActionMask = 2147483647;
			files = (
				32B2D28D27EA28EA0073C870 /* ItemModel.swift in Sources */,
				32B2D29227EA5C4E0073C870 /* NoItemsView.swift in Sources */,
				32B2D28A27E9FB4D0073C870 /* AddView.swift in Sources */,
				32B2D29027EA32860073C870 /* ListViewModel.swift in Sources */,
				32B2D28827E9F8030073C870 /* TaskView.swift in Sources */,
				32B2D27727E9F5C80073C870 /* SwiftUI_ToDoApp.swift in Sources */,
				3246263A27EA7EB700AE6449 /* AddButtonView.swift in Sources */,
				32B2D28627E9F65A0073C870 /* ListView.swift in Sources */,
			);
			runOnlyForDeploymentPostprocessing = 0;
		};
/* End PBXSourcesBuildPhase section */

/* Begin XCBuildConfiguration section */
		32B2D27F27E9F5CA0073C870 /* Debug */ = {
			isa = XCBuildConfiguration;
			buildSettings = {
				ALWAYS_SEARCH_USER_PATHS = NO;
				CLANG_ANALYZER_NONNULL = YES;
				CLANG_ANALYZER_NUMBER_OBJECT_CONVERSION = YES_AGGRESSIVE;
				CLANG_CXX_LANGUAGE_STANDARD = "gnu++17";
				CLANG_ENABLE_MODULES = YES;
				CLANG_ENABLE_OBJC_ARC = YES;
				CLANG_ENABLE_OBJC_WEAK = YES;
				CLANG_WARN_BLOCK_CAPTURE_AUTORELEASING = YES;
				CLANG_WARN_BOOL_CONVERSION = YES;
				CLANG_WARN_COMMA = YES;
				CLANG_WARN_CONSTANT_CONVERSION = YES;
				CLANG_WARN_DEPRECATED_OBJC_IMPLEMENTATIONS = YES;
				CLANG_WARN_DIRECT_OBJC_ISA_USAGE = YES_ERROR;
				CLANG_WARN_DOCUMENTATION_COMMENTS = YES;
				CLANG_WARN_EMPTY_BODY = YES;
				CLANG_WARN_ENUM_CONVERSION = YES;
				CLANG_WARN_INFINITE_RECURSION = YES;
				CLANG_WARN_INT_CONVERSION = YES;
				CLANG_WARN_NON_LITERAL_NULL_CONVERSION = YES;
				CLANG_WARN_OBJC_IMPLICIT_RETAIN_SELF = YES;
				CLANG_WARN_OBJC_LITERAL_CONVERSION = YES;
				CLANG_WARN_OBJC_ROOT_CLASS = YES_ERROR;
				CLANG_WARN_QUOTED_INCLUDE_IN_FRAMEWORK_HEADER = YES;
				CLANG_WARN_RANGE_LOOP_ANALYSIS = YES;
				CLANG_WARN_STRICT_PROTOTYPES = YES;
				CLANG_WARN_SUSPICIOUS_MOVE = YES;
				CLANG_WARN_UNGUARDED_AVAILABILITY = YES_AGGRESSIVE;
				CLANG_WARN_UNREACHABLE_CODE = YES;
				CLANG_WARN__DUPLICATE_METHOD_MATCH = YES;
				COPY_PHASE_STRIP = NO;
				DEBUG_INFORMATION_FORMAT = dwarf;
				ENABLE_STRICT_OBJC_MSGSEND = YES;
				ENABLE_TESTABILITY = YES;
				GCC_C_LANGUAGE_STANDARD = gnu11;
				GCC_DYNAMIC_NO_PIC = NO;
				GCC_NO_COMMON_BLOCKS = YES;
				GCC_OPTIMIZATION_LEVEL = 0;
				GCC_PREPROCESSOR_DEFINITIONS = (
					"DEBUG=1",
					"$(inherited)",
				);
				GCC_WARN_64_TO_32_BIT_CONVERSION = YES;
				GCC_WARN_ABOUT_RETURN_TYPE = YES_ERROR;
				GCC_WARN_UNDECLARED_SELECTOR = YES;
				GCC_WARN_UNINITIALIZED_AUTOS = YES_AGGRESSIVE;
				GCC_WARN_UNUSED_FUNCTION = YES;
				GCC_WARN_UNUSED_VARIABLE = YES;
				IPHONEOS_DEPLOYMENT_TARGET = 15.4;
				MTL_ENABLE_DEBUG_INFO = INCLUDE_SOURCE;
				MTL_FAST_MATH = YES;
				ONLY_ACTIVE_ARCH = YES;
				SDKROOT = iphoneos;
				SWIFT_ACTIVE_COMPILATION_CONDITIONS = DEBUG;
				SWIFT_OPTIMIZATION_LEVEL = "-Onone";
			};
			name = Debug;
		};
		32B2D28027E9F5CA0073C870 /* Release */ = {
			isa = XCBuildConfiguration;
			buildSettings = {
				ALWAYS_SEARCH_USER_PATHS = NO;
				CLANG_ANALYZER_NONNULL = YES;
				CLANG_ANALYZER_NUMBER_OBJECT_CONVERSION = YES_AGGRESSIVE;
				CLANG_CXX_LANGUAGE_STANDARD = "gnu++17";
				CLANG_ENABLE_MODULES = YES;
				CLANG_ENABLE_OBJC_ARC = YES;
				CLANG_ENABLE_OBJC_WEAK = YES;
				CLANG_WARN_BLOCK_CAPTURE_AUTORELEASING = YES;
				CLANG_WARN_BOOL_CONVERSION = YES;
				CLANG_WARN_COMMA = YES;
				CLANG_WARN_CONSTANT_CONVERSION = YES;
				CLANG_WARN_DEPRECATED_OBJC_IMPLEMENTATIONS = YES;
				CLANG_WARN_DIRECT_OBJC_ISA_USAGE = YES_ERROR;
				CLANG_WARN_DOCUMENTATION_COMMENTS = YES;
				CLANG_WARN_EMPTY_BODY = YES;
				CLANG_WARN_ENUM_CONVERSION = YES;
				CLANG_WARN_INFINITE_RECURSION = YES;
				CLANG_WARN_INT_CONVERSION = YES;
				CLANG_WARN_NON_LITERAL_NULL_CONVERSION = YES;
				CLANG_WARN_OBJC_IMPLICIT_RETAIN_SELF = YES;
				CLANG_WARN_OBJC_LITERAL_CONVERSION = YES;
				CLANG_WARN_OBJC_ROOT_CLASS = YES_ERROR;
				CLANG_WARN_QUOTED_INCLUDE_IN_FRAMEWORK_HEADER = YES;
				CLANG_WARN_RANGE_LOOP_ANALYSIS = YES;
				CLANG_WARN_STRICT_PROTOTYPES = YES;
				CLANG_WARN_SUSPICIOUS_MOVE = YES;
				CLANG_WARN_UNGUARDED_AVAILABILITY = YES_AGGRESSIVE;
				CLANG_WARN_UNREACHABLE_CODE = YES;
				CLANG_WARN__DUPLICATE_METHOD_MATCH = YES;
				COPY_PHASE_STRIP = NO;
				DEBUG_INFORMATION_FORMAT = "dwarf-with-dsym";
				ENABLE_NS_ASSERTIONS = NO;
				ENABLE_STRICT_OBJC_MSGSEND = YES;
				GCC_C_LANGUAGE_STANDARD = gnu11;
				GCC_NO_COMMON_BLOCKS = YES;
				GCC_WARN_64_TO_32_BIT_CONVERSION = YES;
				GCC_WARN_ABOUT_RETURN_TYPE = YES_ERROR;
				GCC_WARN_UNDECLARED_SELECTOR = YES;
				GCC_WARN_UNINITIALIZED_AUTOS = YES_AGGRESSIVE;
				GCC_WARN_UNUSED_FUNCTION = YES;
				GCC_WARN_UNUSED_VARIABLE = YES;
				IPHONEOS_DEPLOYMENT_TARGET = 15.4;
				MTL_ENABLE_DEBUG_INFO = NO;
				MTL_FAST_MATH = YES;
				SDKROOT = iphoneos;
				SWIFT_COMPILATION_MODE = wholemodule;
				SWIFT_OPTIMIZATION_LEVEL = "-O";
				VALIDATE_PRODUCT = YES;
			};
			name = Release;
		};
		32B2D28227E9F5CA0073C870 /* Debug */ = {
			isa = XCBuildConfiguration;
			buildSettings = {
				ASSETCATALOG_COMPILER_APPICON_NAME = AppIcon;
				ASSETCATALOG_COMPILER_GLOBAL_ACCENT_COLOR_NAME = AccentColor;
				CODE_SIGN_STYLE = Automatic;
				CURRENT_PROJECT_VERSION = 1;
				DEVELOPMENT_ASSET_PATHS = "\"SwiftUI ToDo/Preview Content\"";
				DEVELOPMENT_TEAM = 35Z5R84P59;
				ENABLE_PREVIEWS = YES;
				GENERATE_INFOPLIST_FILE = YES;
				INFOPLIST_KEY_UIApplicationSceneManifest_Generation = YES;
				INFOPLIST_KEY_UIApplicationSupportsIndirectInputEvents = YES;
				INFOPLIST_KEY_UILaunchScreen_Generation = YES;
				INFOPLIST_KEY_UISupportedInterfaceOrientations = UIInterfaceOrientationPortrait;
				INFOPLIST_KEY_UISupportedInterfaceOrientations_iPad = "UIInterfaceOrientationPortrait UIInterfaceOrientationPortraitUpsideDown UIInterfaceOrientationLandscapeLeft UIInterfaceOrientationLandscapeRight";
				INFOPLIST_KEY_UISupportedInterfaceOrientations_iPhone = UIInterfaceOrientationPortrait;
				IPHONEOS_DEPLOYMENT_TARGET = 15.4;
				LD_RUNPATH_SEARCH_PATHS = (
					"$(inherited)",
					"@executable_path/Frameworks",
				);
				MARKETING_VERSION = 1.0;
				PRODUCT_BUNDLE_IDENTIFIER = "com.anmlobanov.SwiftUI-ToDo";
				PRODUCT_NAME = "$(TARGET_NAME)";
				SWIFT_EMIT_LOC_STRINGS = YES;
				SWIFT_VERSION = 5.0;
				TARGETED_DEVICE_FAMILY = "1,2";
			};
			name = Debug;
		};
		32B2D28327E9F5CA0073C870 /* Release */ = {
			isa = XCBuildConfiguration;
			buildSettings = {
				ASSETCATALOG_COMPILER_APPICON_NAME = AppIcon;
				ASSETCATALOG_COMPILER_GLOBAL_ACCENT_COLOR_NAME = AccentColor;
				CODE_SIGN_STYLE = Automatic;
				CURRENT_PROJECT_VERSION = 1;
				DEVELOPMENT_ASSET_PATHS = "\"SwiftUI ToDo/Preview Content\"";
				DEVELOPMENT_TEAM = 35Z5R84P59;
				ENABLE_PREVIEWS = YES;
				GENERATE_INFOPLIST_FILE = YES;
				INFOPLIST_KEY_UIApplicationSceneManifest_Generation = YES;
				INFOPLIST_KEY_UIApplicationSupportsIndirectInputEvents = YES;
				INFOPLIST_KEY_UILaunchScreen_Generation = YES;
				INFOPLIST_KEY_UISupportedInterfaceOrientations = UIInterfaceOrientationPortrait;
				INFOPLIST_KEY_UISupportedInterfaceOrientations_iPad = "UIInterfaceOrientationPortrait UIInterfaceOrientationPortraitUpsideDown UIInterfaceOrientationLandscapeLeft UIInterfaceOrientationLandscapeRight";
				INFOPLIST_KEY_UISupportedInterfaceOrientations_iPhone = UIInterfaceOrientationPortrait;
				IPHONEOS_DEPLOYMENT_TARGET = 15.4;
				LD_RUNPATH_SEARCH_PATHS = (
					"$(inherited)",
					"@executable_path/Frameworks",
				);
				MARKETING_VERSION = 1.0;
				PRODUCT_BUNDLE_IDENTIFIER = "com.anmlobanov.SwiftUI-ToDo";
				PRODUCT_NAME = "$(TARGET_NAME)";
				SWIFT_EMIT_LOC_STRINGS = YES;
				SWIFT_VERSION = 5.0;
				TARGETED_DEVICE_FAMILY = "1,2";
			};
			name = Release;
		};
/* End XCBuildConfiguration section */

/* Begin XCConfigurationList section */
		32B2D26E27E9F5C80073C870 /* Build configuration list for PBXProject "SwiftUI ToDo" */ = {
			isa = XCConfigurationList;
			buildConfigurations = (
				32B2D27F27E9F5CA0073C870 /* Debug */,
				32B2D28027E9F5CA0073C870 /* Release */,
			);
			defaultConfigurationIsVisible = 0;
			defaultConfigurationName = Release;
		};
		32B2D28127E9F5CA0073C870 /* Build configuration list for PBXNativeTarget "SwiftUI ToDo" */ = {
			isa = XCConfigurationList;
			buildConfigurations = (
				32B2D28227E9F5CA0073C870 /* Debug */,
				32B2D28327E9F5CA0073C870 /* Release */,
			);
			defaultConfigurationIsVisible = 0;
			defaultConfigurationName = Release;
		};
/* End XCConfigurationList section */
	};
	rootObject = 32B2D26B27E9F5C80073C870 /* Project object */;
}
